
Microsoft Visual Studio Solution File, Format Version 12.00
# Visual Studio Version 16
VisualStudioVersion = 16.0.30204.135
MinimumVisualStudioVersion = 10.0.40219.1
Project("{FAE04EC0-301F-11D3-BF4B-00C04F79EFBC}") = "CustomOrders", "CustomOrders\CustomOrders.csproj", "{78F5E235-7688-4A61-95A8-FEC07C370D44}"
EndProject
Global
	GlobalSection(SolutionConfigurationPlatforms) = preSolution
		Debug|Any CPU = Debug|Any CPU
		Release|Any CPU = Release|Any CPU
	EndGlobalSection
	GlobalSection(ProjectConfigurationPlatforms) = postSolution
		{78F5E235-7688-4A61-95A8-FEC07C370D44}.Debug|Any CPU.ActiveCfg = Debug|Any CPU
		{78F5E235-7688-4A61-95A8-FEC07C370D44}.Debug|Any CPU.Build.0 = Debug|Any CPU
		{78F5E235-7688-4A61-95A8-FEC07C370D44}.Release|Any CPU.ActiveCfg = Release|Any CPU
		{78F5E235-7688-4A61-95A8-FEC07C370D44}.Release|Any CPU.Build.0 = Release|Any CPU
	EndGlobalSection
	GlobalSection(SolutionProperties) = preSolution
		HideSolutionNode = FALSE
	EndGlobalSection
	GlobalSection(ExtensibilityGlobals) = postSolution
		SolutionGuid = {23A44907-FCAE-486D-B7EF-703C5DFF7070}
	EndGlobalSection
EndGlobal
